
Microsoft Visual Studio Solution File, Format Version 12.00
# Visual Studio Version 17
VisualStudioVersion = 17.7.34003.232
MinimumVisualStudioVersion = 10.0.40219.1
Project("{FAE04EC0-301F-11D3-BF4B-00C04F79EFBC}") = "InventoryLabelPrinter", "InventoryLabelPrinter\InventoryLabelPrinter.csproj", "{E386688A-5522-4BE4-9BF8-9FCD2BCDE184}"
EndProject
Project("{FAE04EC0-301F-11D3-BF4B-00C04F79EFBC}") = "BLL", "BLL\BLL.csproj", "{DC870101-5F1F-479A-8190-882B05B17233}"
EndProject
Project("{FAE04EC0-301F-11D3-BF4B-00C04F79EFBC}") = "DAL", "DAL\DAL.csproj", "{3AF56895-F1AB-4DA9-B18F-EEDBBA505860}"
EndProject
Global
	GlobalSection(SolutionConfigurationPlatforms) = preSolution
		Debug|Any CPU = Debug|Any CPU
		Release|Any CPU = Release|Any CPU
	EndGlobalSection
	GlobalSection(ProjectConfigurationPlatforms) = postSolution
		{E386688A-5522-4BE4-9BF8-9FCD2BCDE184}.Debug|Any CPU.ActiveCfg = Debug|Any CPU
		{E386688A-5522-4BE4-9BF8-9FCD2BCDE184}.Debug|Any CPU.Build.0 = Debug|Any CPU
		{E386688A-5522-4BE4-9BF8-9FCD2BCDE184}.Release|Any CPU.ActiveCfg = Release|Any CPU
		{E386688A-5522-4BE4-9BF8-9FCD2BCDE184}.Release|Any CPU.Build.0 = Release|Any CPU
		{DC870101-5F1F-479A-8190-882B05B17233}.Debug|Any CPU.ActiveCfg = Debug|Any CPU
		{DC870101-5F1F-479A-8190-882B05B17233}.Debug|Any CPU.Build.0 = Debug|Any CPU
		{DC870101-5F1F-479A-8190-882B05B17233}.Release|Any CPU.ActiveCfg = Release|Any CPU
		{DC870101-5F1F-479A-8190-882B05B17233}.Release|Any CPU.Build.0 = Release|Any CPU
		{3AF56895-F1AB-4DA9-B18F-EEDBBA505860}.Debug|Any CPU.ActiveCfg = Debug|Any CPU
		{3AF56895-F1AB-4DA9-B18F-EEDBBA505860}.Debug|Any CPU.Build.0 = Debug|Any CPU
		{3AF56895-F1AB-4DA9-B18F-EEDBBA505860}.Release|Any CPU.ActiveCfg = Release|Any CPU
		{3AF56895-F1AB-4DA9-B18F-EEDBBA505860}.Release|Any CPU.Build.0 = Release|Any CPU
	EndGlobalSection
	GlobalSection(SolutionProperties) = preSolution
		HideSolutionNode = FALSE
	EndGlobalSection
	GlobalSection(ExtensibilityGlobals) = postSolution
		SolutionGuid = {D5BECC96-E555-4B67-B50E-26A66FB201DE}
	EndGlobalSection
EndGlobal
